
Microsoft Visual Studio Solution File, Format Version 12.00
# Visual Studio 15
VisualStudioVersion = 15.0.28307.329
MinimumVisualStudioVersion = 10.0.40219.1
Project("{FAE04EC0-301F-11D3-BF4B-00C04F79EFBC}") = "globalization_cal", "globalization_cal\globalization_cal.csproj", "{C97A50D1-BBE5-4498-99F8-CA90A6629454}"
EndProject
Global
	GlobalSection(SolutionConfigurationPlatforms) = preSolution
		Debug|Any CPU = Debug|Any CPU
		Release|Any CPU = Release|Any CPU
	EndGlobalSection
	GlobalSection(ProjectConfigurationPlatforms) = postSolution
		{C97A50D1-BBE5-4498-99F8-CA90A6629454}.Debug|Any CPU.ActiveCfg = Debug|Any CPU
		{C97A50D1-BBE5-4498-99F8-CA90A6629454}.Debug|Any CPU.Build.0 = Debug|Any CPU
		{C97A50D1-BBE5-4498-99F8-CA90A6629454}.Release|Any CPU.ActiveCfg = Release|Any CPU
		{C97A50D1-BBE5-4498-99F8-CA90A6629454}.Release|Any CPU.Build.0 = Release|Any CPU
	EndGlobalSection
	GlobalSection(SolutionProperties) = preSolution
		HideSolutionNode = FALSE
	EndGlobalSection
	GlobalSection(ExtensibilityGlobals) = postSolution
		SolutionGuid = {DD306078-752A-4DA1-9DBB-03154C0FF6D8}
	EndGlobalSection
EndGlobal
